<?xml version="1.0" encoding="utf-8"?>
<Project ToolsVersion="4.0" xmlns="http://schemas.microsoft.com/developer/msbuild/2003">
  <ItemGroup>
    <Filter Include="Source Files">
      <UniqueIdentifier>{4FC737F1-C7A5-4376-A066-2A32D752A2FF}</UniqueIdentifier>
      <Extensions>cpp;c;cc;cxx;def;odl;idl;hpj;bat;asm;asmx</Extensions>
    </Filter>
    <Filter Include="Header Files">
      <UniqueIdentifier>{93995380-89BD-4b04-88EB-625FBE52EBFB}</UniqueIdentifier>
      <Extensions>h;hh;hpp;hxx;hm;inl;inc;xsd</Extensions>
    </Filter>
    <Filter Include="Resource Files">
      <UniqueIdentifier>{67DA6AB6-F800-4c08-8B7A-83BB121AAD01}</UniqueIdentifier>
      <Extensions>rc;ico;cur;bmp;dlg;rc2;rct;bin;rgs;gif;jpg;jpeg;jpe;resx;tiff;tif;png;wav;mfcribbon-ms</Extensions>
    </Filter>
  </ItemGroup>
  <ItemGroup>
    <None Include="PeugeotVanCanBridge.ino" />
  </ItemGroup>
  <ItemGroup>
    <ClInclude Include="__vm\.PeugeotVanCanBridge.vsarduino.h">
      <Filter>Header Files</Filter>
    </ClInclude>
    <ClInclude Include="AbstractCanMessageSender.h">
      <Filter>Header Files</Filter>
    </ClInclude>
    <ClInclude Include="AbstractVanMessageSender.h">
      <Filter>Header Files</Filter>
    </ClInclude>
    <ClInclude Include="ByteAcceptanceHandler.h">
      <Filter>Header Files</Filter>
    </ClInclude>
    <ClInclude Include="CanAirConOnDisplayHandler.h">
      <Filter>Header Files</Filter>
    </ClInclude>
    <ClInclude Include="CanAirConOnDisplayStructs.h">
      <Filter>Header Files</Filter>
    </ClInclude>
    <ClInclude Include="CanAirConStructs.h">
      <Filter>Header Files</Filter>
    </ClInclude>
    <ClInclude Include="CanDash1Structs.h">
      <Filter>Header Files</Filter>
    </ClInclude>
    <ClInclude Include="CanDash2Structs.h">
      <Filter>Header Files</Filter>
    </ClInclude>
    <ClInclude Include="CanDisplayClockStructs.h">
      <Filter>Header Files</Filter>
    </ClInclude>
    <ClInclude Include="CanDisplayPopupHandler.h">
      <Filter>Header Files</Filter>
    </ClInclude>
    <ClInclude Include="CanDisplayPopupItem.h">
      <Filter>Header Files</Filter>
    </ClInclude>
    <ClInclude Include="CanDisplayStructs.h">
      <Filter>Header Files</Filter>
    </ClInclude>
    <ClInclude Include="CanDoorStatusStructs.h">
      <Filter>Header Files</Filter>
    </ClInclude>
    <ClInclude Include="CanIgnitionStructs.h">
      <Filter>Header Files</Filter>
    </ClInclude>
    <ClInclude Include="CanMenuStructs.h">
      <Filter>Header Files</Filter>
    </ClInclude>
    <ClInclude Include="CanMessageSender.h">
      <Filter>Header Files</Filter>
    </ClInclude>
    <ClInclude Include="CanRadioAudioSettingsStructs.h">
      <Filter>Header Files</Filter>
    </ClInclude>
    <ClInclude Include="CanRadioInfoStructs.h">
      <Filter>Header Files</Filter>
    </ClInclude>
    <ClInclude Include="CanRadioMp3Structs.h">
      <Filter>Header Files</Filter>
    </ClInclude>
    <ClInclude Include="CanRadioRdsTextStructs.h">
      <Filter>Header Files</Filter>
    </ClInclude>
    <ClInclude Include="CanRadioRemoteStructs.h">
      <Filter>Header Files</Filter>
    </ClInclude>
    <ClInclude Include="CanRadioStructs.h">
      <Filter>Header Files</Filter>
    </ClInclude>
    <ClInclude Include="CanRadioTextListStructs.h">
      <Filter>Header Files</Filter>
    </ClInclude>
    <ClInclude Include="CanRadioTunerStructs.h">
      <Filter>Header Files</Filter>
    </ClInclude>
    <ClInclude Include="CanRadioVolumeStructs.h">
      <Filter>Header Files</Filter>
    </ClInclude>
    <ClInclude Include="CanTrip0Structs.h">
      <Filter>Header Files</Filter>
    </ClInclude>
    <ClInclude Include="CanTrip1Structs.h">
      <Filter>Header Files</Filter>
    </ClInclude>
    <ClInclude Include="CanTrip2Structs.h">
      <Filter>Header Files</Filter>
    </ClInclude>
    <ClInclude Include="CanTripInfoHandler.h">
      <Filter>Header Files</Filter>
    </ClInclude>
    <ClInclude Include="CanVinHandler.h">
      <Filter>Header Files</Filter>
    </ClInclude>
    <ClInclude Include="CanVinStructs.h">
      <Filter>Header Files</Filter>
    </ClInclude>
    <ClInclude Include="cppQueue.h">
      <Filter>Header Files</Filter>
    </ClInclude>
    <ClInclude Include="DoorStatus.h">
      <Filter>Header Files</Filter>
    </ClInclude>
    <ClInclude Include="IntegRadioHelper.h">
      <Filter>Header Files</Filter>
    </ClInclude>
    <ClInclude Include="PacketGenerator.h">
      <Filter>Header Files</Filter>
    </ClInclude>
    <ClInclude Include="Serializer.h">
      <Filter>Header Files</Filter>
    </ClInclude>
    <ClInclude Include="VanAirConditioner1Structs.h">
      <Filter>Header Files</Filter>
    </ClInclude>
    <ClInclude Include="VanAirConditioner2Structs.h">
      <Filter>Header Files</Filter>
    </ClInclude>
    <ClInclude Include="VanCanAirConditionerSpeedMap.h">
      <Filter>Header Files</Filter>
    </ClInclude>
    <ClInclude Include="VanCanDisplayPopupMap.h">
      <Filter>Header Files</Filter>
    </ClInclude>
    <ClInclude Include="VanCarStatusWithTripComputerStructs.h">
      <Filter>Header Files</Filter>
    </ClInclude>
    <ClInclude Include="VanDashboardStructs.h">
      <Filter>Header Files</Filter>
    </ClInclude>
    <ClInclude Include="VanDisplayStructs.h">
      <Filter>Header Files</Filter>
    </ClInclude>
    <ClInclude Include="VanMessageSender.h">
      <Filter>Header Files</Filter>
    </ClInclude>
    <ClInclude Include="VanRadioInfoStructs.h">
      <Filter>Header Files</Filter>
    </ClInclude>
    <ClInclude Include="VanRadioRemoteStructs.h">
      <Filter>Header Files</Filter>
    </ClInclude>
    <ClInclude Include="VanRadioTunerStructs.h">
      <Filter>Header Files</Filter>
    </ClInclude>
    <ClInclude Include="VanSpeedAndRpmStructs.h">
      <Filter>Header Files</Filter>
    </ClInclude>
    <ClInclude Include="VanVinStructs.h">
      <Filter>Header Files</Filter>
    </ClInclude>
    <ClInclude Include="CanWarningLogStructs.h">
      <Filter>Header Files</Filter>
    </ClInclude>
    <ClInclude Include="CanStatusOfFunctionsStructs.h">
      <Filter>Header Files</Filter>
    </ClInclude>
    <ClInclude Include="CanDefineVehicleParameters.h">
      <Filter>Header Files</Filter>
    </ClInclude>
    <ClInclude Include="HardwareSerialAbs.h">
      <Filter>Header Files</Filter>
    </ClInclude>
    <ClInclude Include="BluetoothSerialAbs.h">
      <Filter>Header Files</Filter>
    </ClInclude>
    <ClInclude Include="AbstractSerial.h">
      <Filter>Header Files</Filter>
    </ClInclude>
    <ClInclude Include="CanStatusOfFunctionsHandler.h">
      <Filter>Header Files</Filter>
    </ClInclude>
    <ClInclude Include="CanWarningLogHandler.h">
      <Filter>Header Files</Filter>
    </ClInclude>
    <ClInclude Include="CanSpeedAndRpmStructs.h">
      <Filter>Header Files</Filter>
    </ClInclude>
    <ClInclude Include="CanSpeedAndRpmHandler.h">
      <Filter>Header Files</Filter>
    </ClInclude>
    <ClInclude Include="VanDataToBridgeToCan.h">
      <Filter>Header Files</Filter>
    </ClInclude>
    <ClInclude Include="CanDash3Structs.h">
      <Filter>Header Files</Filter>
    </ClInclude>
    <ClInclude Include="CanDash4Structs.h">
      <Filter>Header Files</Filter>
    </ClInclude>
    <ClInclude Include="CanMessageHandlerBase.h">
      <Filter>Header Files</Filter>
    </ClInclude>
    <ClInclude Include="CanDash2MessageHandler.h">
      <Filter>Header Files</Filter>
    </ClInclude>
    <ClInclude Include="DashIcons1.h">
      <Filter>Header Files</Filter>
    </ClInclude>
    <ClInclude Include="LightStatus.h">
      <Filter>Header Files</Filter>
    </ClInclude>
    <ClInclude Include="CanDash4MessageHandler.h">
      <Filter>Header Files</Filter>
    </ClInclude>
    <ClInclude Include="CanDash3MessageHandler.h">
      <Filter>Header Files</Filter>
    </ClInclude>
    <ClInclude Include="CanRadioRemoteMessageHandler.h">
      <Filter>Header Files</Filter>
    </ClInclude>
    <ClInclude Include="CanAirConOnDisplayHandlerOrig.h">
      <Filter>Header Files</Filter>
    </ClInclude>
    <ClInclude Include="CanRadioRd4DiagStructs.h">
      <Filter>Header Files</Filter>
    </ClInclude>
    <ClInclude Include="CanMessageSenderEsp32Arduino.h">
      <Filter>Header Files</Filter>
    </ClInclude>
    <ClInclude Include="VanCdChangerStructs.h">
      <Filter>Header Files</Filter>
    </ClInclude>
    <ClInclude Include="CanDisplayStatusStructs.h">
      <Filter>Header Files</Filter>
    </ClInclude>
    <ClInclude Include="AbstractVanMessageHandler.h">
      <Filter>Header Files</Filter>
    </ClInclude>
    <ClInclude Include="VanDisplayHandler.h">
      <Filter>Header Files</Filter>
    </ClInclude>
    <ClInclude Include="VanIgnitionDataToBridgeToCan.h">
      <Filter>Header Files</Filter>
    </ClInclude>
    <ClInclude Include="VanSpeedAndRpmHandler.h">
      <Filter>Header Files</Filter>
    </ClInclude>
    <ClInclude Include="VanCarStatusWithTripComputerHandler.h">
      <Filter>Header Files</Filter>
    </ClInclude>
    <ClInclude Include="VanDashboardHandler.h">
      <Filter>Header Files</Filter>
    </ClInclude>
    <ClInclude Include="VanAirConditioner1Handler.h">
      <Filter>Header Files</Filter>
    </ClInclude>
    <ClInclude Include="VanAirConditioner2Handler.h">
      <Filter>Header Files</Filter>
    </ClInclude>
    <ClInclude Include="VanRadioRemoteHandler.h">
      <Filter>Header Files</Filter>
    </ClInclude>
    <ClInclude Include="OTAUpdate.h">
      <Filter>Header Files</Filter>
    </ClInclude>
    <ClInclude Include="VanInstrumentClusterV1Handler.h">
      <Filter>Header Files</Filter>
    </ClInclude>
    <ClInclude Include="VanInstrumentClusterV1Structs.h">
      <Filter>Header Files</Filter>
    </ClInclude>
    <ClInclude Include="VanInstrumentClusterV2Handler.h">
      <Filter>Header Files</Filter>
    </ClInclude>
    <ClInclude Include="VanInstrumentClusterV2Structs.h">
      <Filter>Header Files</Filter>
    </ClInclude>
    <ClInclude Include="VanDashboardMileageStructs.h">
      <Filter>Header Files</Filter>
    </ClInclude>
  </ItemGroup>
  <ItemGroup>
    <ClCompile Include="cppQueue.cpp">
      <Filter>Source Files</Filter>
    </ClCompile>
    <ClCompile Include="HardwareSerialAbs.cpp">
      <Filter>Source Files</Filter>
    </ClCompile>
    <ClCompile Include="BluetoothSerialAbs.cpp">
      <Filter>Source Files</Filter>
    </ClCompile>
  </ItemGroup>
</Project>