<?xml version="1.0" encoding="utf-8"?>
<Project ToolsVersion="4.0" xmlns="http://schemas.microsoft.com/developer/msbuild/2003">
  <ItemGroup>
    <Filter Include="Source Files">
      <UniqueIdentifier>{4FC737F1-C7A5-4376-A066-2A32D752A2FF}</UniqueIdentifier>
      <Extensions>cpp;c;cc;cxx;def;odl;idl;hpj;bat;asm;asmx</Extensions>
    </Filter>
    <Filter Include="Header Files">
      <UniqueIdentifier>{93995380-89BD-4b04-88EB-625FBE52EBFB}</UniqueIdentifier>
      <Extensions>h;hh;hpp;hxx;hm;inl;inc;xsd</Extensions>
    </Filter>
    <Filter Include="Resource Files">
      <UniqueIdentifier>{67DA6AB6-F800-4c08-8B7A-83BB121AAD01}</UniqueIdentifier>
      <Extensions>rc;ico;cur;bmp;dlg;rc2;rct;bin;rgs;gif;jpg;jpeg;jpe;resx;tiff;tif;png;wav;mfcribbon-ms</Extensions>
    </Filter>
  </ItemGroup>
  <ItemGroup>
    <None Include="PSAVanCanBridge.ino" />
    <None Include="src\Helpers\IntValueOnTwoBytes.h" />
  </ItemGroup>
  <ItemGroup>
    <ClInclude Include="__vm\.PSAVanCanBridge.vsarduino.h">
      <Filter>Header Files</Filter>
    </ClInclude>
    <ClInclude Include="src\Van\Handlers\VanAirConditioner1Handler.h">
      <Filter>Header Files</Filter>
    </ClInclude>
    <ClInclude Include="src\Van\Structs\VanAirConditioner1Structs.h">
      <Filter>Header Files</Filter>
    </ClInclude>
    <ClInclude Include="src\Van\Handlers\AbstractVanMessageHandler.h">
      <Filter>Header Files</Filter>
    </ClInclude>
    <ClInclude Include="src\Van\Handlers\VanAirConditioner2Handler.h">
      <Filter>Header Files</Filter>
    </ClInclude>
    <ClInclude Include="src\Van\Handlers\VanAirConditionerDiagActuatorHandler.h">
      <Filter>Header Files</Filter>
    </ClInclude>
    <ClInclude Include="src\Van\Handlers\VanAirConditionerDiagSensorHandler.h">
      <Filter>Header Files</Filter>
    </ClInclude>
    <ClInclude Include="src\Van\Handlers\VanCarStatusWithTripComputerHandler.h">
      <Filter>Header Files</Filter>
    </ClInclude>
    <ClInclude Include="src\Van\Handlers\VanDashboardHandler.h">
      <Filter>Header Files</Filter>
    </ClInclude>
    <ClInclude Include="src\Van\Handlers\VanDisplayHandlerV1.h">
      <Filter>Header Files</Filter>
    </ClInclude>
    <ClInclude Include="src\Van\Handlers\VanDisplayHandlerV2.h">
      <Filter>Header Files</Filter>
    </ClInclude>
    <ClInclude Include="src\Van\Handlers\VanRadioRemoteHandler.h">
      <Filter>Header Files</Filter>
    </ClInclude>
    <ClInclude Include="src\Van\Handlers\VanSpeedAndRpmHandler.h">
      <Filter>Header Files</Filter>
    </ClInclude>
    <ClInclude Include="src\Van\Structs\VanAirConditioner2Structs.h">
      <Filter>Header Files</Filter>
    </ClInclude>
    <ClInclude Include="src\Van\Structs\VanAirConditionerDiagStructs.h">
      <Filter>Header Files</Filter>
    </ClInclude>
    <ClInclude Include="src\Van\Structs\VanCarStatusWithTripComputerStructs.h">
      <Filter>Header Files</Filter>
    </ClInclude>
    <ClInclude Include="src\Van\Structs\VanCdChangerStructs.h">
      <Filter>Header Files</Filter>
    </ClInclude>
    <ClInclude Include="src\Van\Structs\VanDashboardMileageStructs.h">
      <Filter>Header Files</Filter>
    </ClInclude>
    <ClInclude Include="src\Van\Structs\VanDashboardStructs.h">
      <Filter>Header Files</Filter>
    </ClInclude>
    <ClInclude Include="src\Van\Structs\VanDisplayStructsV1.h">
      <Filter>Header Files</Filter>
    </ClInclude>
    <ClInclude Include="src\Van\Structs\VanDisplayStructsV2.h">
      <Filter>Header Files</Filter>
    </ClInclude>
    <ClInclude Include="src\Van\Structs\VanInstrumentClusterV1Structs.h">
      <Filter>Header Files</Filter>
    </ClInclude>
    <ClInclude Include="src\Van\Structs\VanInstrumentClusterV2Structs.h">
      <Filter>Header Files</Filter>
    </ClInclude>
    <ClInclude Include="src\Van\Structs\VanRadioInfoStructs.h">
      <Filter>Header Files</Filter>
    </ClInclude>
    <ClInclude Include="src\Van\Structs\VanRadioRemoteStructs.h">
      <Filter>Header Files</Filter>
    </ClInclude>
    <ClInclude Include="src\Van\Structs\VanRadioTunerStructs.h">
      <Filter>Header Files</Filter>
    </ClInclude>
    <ClInclude Include="src\Van\Structs\VanSpeedAndRpmStructs.h">
      <Filter>Header Files</Filter>
    </ClInclude>
    <ClInclude Include="src\Van\Structs\VanVinStructs.h">
      <Filter>Header Files</Filter>
    </ClInclude>
    <ClInclude Include="src\Van\AbstractVanMessageSender.h">
      <Filter>Header Files</Filter>
    </ClInclude>
    <ClInclude Include="src\Van\VanMessageSender.h">
      <Filter>Header Files</Filter>
    </ClInclude>
    <ClInclude Include="src\Can\CanMessageSenderEsp32Arduino.h">
      <Filter>Header Files</Filter>
    </ClInclude>
    <ClInclude Include="src\Can\AbstractCanMessageSender.h">
      <Filter>Header Files</Filter>
    </ClInclude>
    <ClInclude Include="src\Can\CanMessageSender.h">
      <Filter>Header Files</Filter>
    </ClInclude>
    <ClInclude Include="src\Can\Structs\CanAirConOnDisplayStructs.h">
      <Filter>Header Files</Filter>
    </ClInclude>
    <ClInclude Include="src\Can\Structs\CanAirConStructs.h">
      <Filter>Header Files</Filter>
    </ClInclude>
    <ClInclude Include="src\Can\Structs\CanDash1Structs.h">
      <Filter>Header Files</Filter>
    </ClInclude>
    <ClInclude Include="src\Can\Structs\CanDash2Structs.h">
      <Filter>Header Files</Filter>
    </ClInclude>
    <ClInclude Include="src\Can\Structs\CanDash3Structs.h">
      <Filter>Header Files</Filter>
    </ClInclude>
    <ClInclude Include="src\Can\Structs\CanDash4Structs.h">
      <Filter>Header Files</Filter>
    </ClInclude>
    <ClInclude Include="src\Can\Structs\CanDefineVehicleParameters.h">
      <Filter>Header Files</Filter>
    </ClInclude>
    <ClInclude Include="src\Can\Structs\CanDisplayClockStructs.h">
      <Filter>Header Files</Filter>
    </ClInclude>
    <ClInclude Include="src\Can\Structs\CanDisplayStatusStructs.h">
      <Filter>Header Files</Filter>
    </ClInclude>
    <ClInclude Include="src\Can\Structs\CanDisplayStructs.h">
      <Filter>Header Files</Filter>
    </ClInclude>
    <ClInclude Include="src\Can\Structs\CanDoorStatusStructs.h">
      <Filter>Header Files</Filter>
    </ClInclude>
    <ClInclude Include="src\Can\Structs\CanIgnitionStructs.h">
      <Filter>Header Files</Filter>
    </ClInclude>
    <ClInclude Include="src\Can\Structs\CanMenuStructs.h">
      <Filter>Header Files</Filter>
    </ClInclude>
    <ClInclude Include="src\Can\Structs\CanRadioAudioSettingsStructs.h">
      <Filter>Header Files</Filter>
    </ClInclude>
    <ClInclude Include="src\Can\Structs\CanRadioInfoStructs.h">
      <Filter>Header Files</Filter>
    </ClInclude>
    <ClInclude Include="src\Can\Structs\CanRadioMp3Structs.h">
      <Filter>Header Files</Filter>
    </ClInclude>
    <ClInclude Include="src\Can\Structs\CanRadioRd4DiagStructs.h">
      <Filter>Header Files</Filter>
    </ClInclude>
    <ClInclude Include="src\Can\Structs\CanRadioRdsTextStructs.h">
      <Filter>Header Files</Filter>
    </ClInclude>
    <ClInclude Include="src\Can\Structs\CanRadioRemoteStructs.h">
      <Filter>Header Files</Filter>
    </ClInclude>
    <ClInclude Include="src\Can\Structs\CanRadioStructs.h">
      <Filter>Header Files</Filter>
    </ClInclude>
    <ClInclude Include="src\Can\Structs\CanRadioTextListStructs.h">
      <Filter>Header Files</Filter>
    </ClInclude>
    <ClInclude Include="src\Can\Structs\CanRadioTunerStructs.h">
      <Filter>Header Files</Filter>
    </ClInclude>
    <ClInclude Include="src\Can\Structs\CanRadioVolumeStructs.h">
      <Filter>Header Files</Filter>
    </ClInclude>
    <ClInclude Include="src\Can\Structs\CanSpeedAndRpmStructs.h">
      <Filter>Header Files</Filter>
    </ClInclude>
    <ClInclude Include="src\Can\Structs\CanStatusOfFunctionsStructs.h">
      <Filter>Header Files</Filter>
    </ClInclude>
    <ClInclude Include="src\Can\Structs\CanTrip0Structs.h">
      <Filter>Header Files</Filter>
    </ClInclude>
    <ClInclude Include="src\Can\Structs\CanTrip1Structs.h">
      <Filter>Header Files</Filter>
    </ClInclude>
    <ClInclude Include="src\Can\Structs\CanTrip2Structs.h">
      <Filter>Header Files</Filter>
    </ClInclude>
    <ClInclude Include="src\Can\Structs\CanVinStructs.h">
      <Filter>Header Files</Filter>
    </ClInclude>
    <ClInclude Include="src\Can\Structs\CanWarningLogStructs.h">
      <Filter>Header Files</Filter>
    </ClInclude>
    <ClInclude Include="src\Can\Handlers\CanAirConOnDisplayHandler.h">
      <Filter>Header Files</Filter>
    </ClInclude>
    <ClInclude Include="src\Can\Handlers\CanAirConOnDisplayHandlerOrig.h">
      <Filter>Header Files</Filter>
    </ClInclude>
    <ClInclude Include="src\Can\Handlers\CanDash2MessageHandler.h">
      <Filter>Header Files</Filter>
    </ClInclude>
    <ClInclude Include="src\Can\Handlers\CanDash3MessageHandler.h">
      <Filter>Header Files</Filter>
    </ClInclude>
    <ClInclude Include="src\Can\Handlers\CanDash4MessageHandler.h">
      <Filter>Header Files</Filter>
    </ClInclude>
    <ClInclude Include="src\Can\Handlers\CanDisplayPopupHandler.h">
      <Filter>Header Files</Filter>
    </ClInclude>
    <ClInclude Include="src\Can\Handlers\CanMessageHandlerBase.h">
      <Filter>Header Files</Filter>
    </ClInclude>
    <ClInclude Include="src\Can\Handlers\CanRadioRemoteMessageHandler.h">
      <Filter>Header Files</Filter>
    </ClInclude>
    <ClInclude Include="src\Can\Handlers\CanSpeedAndRpmHandler.h">
      <Filter>Header Files</Filter>
    </ClInclude>
    <ClInclude Include="src\Can\Handlers\CanStatusOfFunctionsHandler.h">
      <Filter>Header Files</Filter>
    </ClInclude>
    <ClInclude Include="src\Can\Handlers\CanTripInfoHandler.h">
      <Filter>Header Files</Filter>
    </ClInclude>
    <ClInclude Include="src\Can\Handlers\CanVinHandler.h">
      <Filter>Header Files</Filter>
    </ClInclude>
    <ClInclude Include="src\Can\Handlers\CanWarningLogHandler.h">
      <Filter>Header Files</Filter>
    </ClInclude>
    <ClInclude Include="src\Helpers\CanDisplayPopupItem.h">
      <Filter>Header Files</Filter>
    </ClInclude>
    <ClInclude Include="src\Helpers\DashIcons1.h">
      <Filter>Header Files</Filter>
    </ClInclude>
    <ClInclude Include="src\Helpers\DoorStatus.h">
      <Filter>Header Files</Filter>
    </ClInclude>
    <ClInclude Include="src\Helpers\IntegRadioHelper.h">
      <Filter>Header Files</Filter>
    </ClInclude>
    <ClInclude Include="src\Helpers\LightStatus.h">
      <Filter>Header Files</Filter>
    </ClInclude>
    <ClInclude Include="src\Helpers\PacketGenerator.h">
      <Filter>Header Files</Filter>
    </ClInclude>
    <ClInclude Include="src\Helpers\Serializer.h">
      <Filter>Header Files</Filter>
    </ClInclude>
    <ClInclude Include="src\Helpers\VanCanAirConditionerSpeedMap.h">
      <Filter>Header Files</Filter>
    </ClInclude>
    <ClInclude Include="src\Helpers\VanCanDisplayPopupMap.h">
      <Filter>Header Files</Filter>
    </ClInclude>
    <ClInclude Include="src\Helpers\VanDataToBridgeToCan.h">
      <Filter>Header Files</Filter>
    </ClInclude>
    <ClInclude Include="src\Helpers\VanIgnitionDataToBridgeToCan.h">
      <Filter>Header Files</Filter>
    </ClInclude>
    <ClInclude Include="src\Helpers\ByteAcceptanceHandler.h">
      <Filter>Header Files</Filter>
    </ClInclude>
    <ClInclude Include="src\Van\Structs\VanDisplayPopupMessage.h">
      <Filter>Header Files</Filter>
    </ClInclude>
    <ClInclude Include="src\SerialPort\AbstractSerial.h">
      <Filter>Header Files</Filter>
    </ClInclude>
    <ClInclude Include="src\SerialPort\BluetoothSerialAbs.h">
      <Filter>Header Files</Filter>
    </ClInclude>
    <ClInclude Include="src\SerialPort\HardwareSerialAbs.h">
      <Filter>Header Files</Filter>
    </ClInclude>
    <ClInclude Include="PSAVanCanBridgeMain.h">
      <Filter>Header Files</Filter>
    </ClInclude>
    <ClInclude Include="Config.h">
      <Filter>Header Files</Filter>
    </ClInclude>
    <ClInclude Include="src\Van\Handlers\VanInstrumentClusterHandlerV1.h">
      <Filter>Header Files</Filter>
    </ClInclude>
    <ClInclude Include="src\Van\Handlers\VanInstrumentClusterHandlerV2.h">
      <Filter>Header Files</Filter>
    </ClInclude>
    <ClInclude Include="src\Can\Structs\CanRadioRd45DiagStructs.h">
      <Filter>Header Files</Filter>
    </ClInclude>
    <ClInclude Include="src\Can\Handlers\CanRadioRd4DiagHandler.h">
      <Filter>Header Files</Filter>
    </ClInclude>
    <ClInclude Include="src\Can\Handlers\CanParkingAidHandler.h">
      <Filter>Header Files</Filter>
    </ClInclude>
    <ClInclude Include="src\Can\Structs\CanParkingAidStructs.h">
      <Filter>Header Files</Filter>
    </ClInclude>
    <ClInclude Include="src\Van\Handlers\VanParkingAidDiagDistanceHandler.h">
      <Filter>Header Files</Filter>
    </ClInclude>
    <ClInclude Include="src\Van\Structs\VanParkingAidDiagStructs.h">
      <Filter>Header Files</Filter>
    </ClInclude>
    <ClInclude Include="src\Van\Handlers\VanParkingAidDiagInputStateHandler.h">
      <Filter>Header Files</Filter>
    </ClInclude>
    <ClInclude Include="src\Van\VanHandlerContainer.h">
      <Filter>Header Files</Filter>
    </ClInclude>
    <ClInclude Include="src\Van\VanWriterContainer.h">
      <Filter>Header Files</Filter>
    </ClInclude>
    <ClInclude Include="src\Van\Writers\VanMessageWriterBase.h">
      <Filter>Header Files</Filter>
    </ClInclude>
    <ClInclude Include="src\Van\Writers\VanQueryTripComputer.h">
      <Filter>Header Files</Filter>
    </ClInclude>
    <ClInclude Include="src\Van\Writers\VanQueryAirCon.h">
      <Filter>Header Files</Filter>
    </ClInclude>
    <ClInclude Include="src\Van\Writers\VanQueryParkingAid.h">
      <Filter>Header Files</Filter>
    </ClInclude>
    <ClInclude Include="src\Can\Handlers\CanDisplayPopupHandler2.h">
      <Filter>Header Files</Filter>
    </ClInclude>
    <ClInclude Include="src\Can\Handlers\ICanDisplayPopupHandler.h">
      <Filter>Header Files</Filter>
    </ClInclude>
  </ItemGroup>
  <ItemGroup>
    <ClCompile Include="src\SerialPort\BluetoothSerialAbs.cpp">
      <Filter>Source Files</Filter>
    </ClCompile>
    <ClCompile Include="src\SerialPort\HardwareSerialAbs.cpp">
      <Filter>Source Files</Filter>
    </ClCompile>
    <ClCompile Include="PSAVanCanBridgeMain.cpp">
      <Filter>Source Files</Filter>
    </ClCompile>
  </ItemGroup>
</Project>